// !$*UTF8*$!
{
	archiveVersion = 1;
	classes = {
	};
	objectVersion = 56;
	objects = {

/* Begin PBXBuildFile section */
		FFD1FB442BE9F29300671C1A /* benchTimeApp.swift in Sources */ = {isa = PBXBuildFile; fileRef = FFD1FB432BE9F29300671C1A /* benchTimeApp.swift */; };
		FFD1FB462BE9F29300671C1A /* ContentView.swift in Sources */ = {isa = PBXBuildFile; fileRef = FFD1FB452BE9F29300671C1A /* ContentView.swift */; };
		FFD1FB482BE9F29800671C1A /* Assets.xcassets in Resources */ = {isa = PBXBuildFile; fileRef = FFD1FB472BE9F29800671C1A /* Assets.xcassets */; };
		FFD1FB4C2BE9F29800671C1A /* Preview Assets.xcassets in Resources */ = {isa = PBXBuildFile; fileRef = FFD1FB4B2BE9F29800671C1A /* Preview Assets.xcassets */; };
		FFD1FB562BE9F29800671C1A /* benchTimeTests.swift in Sources */ = {isa = PBXBuildFile; fileRef = FFD1FB552BE9F29800671C1A /* benchTimeTests.swift */; };
		FFD1FB602BE9F29800671C1A /* benchTimeUITests.swift in Sources */ = {isa = PBXBuildFile; fileRef = FFD1FB5F2BE9F29800671C1A /* benchTimeUITests.swift */; };
		FFD1FB622BE9F29800671C1A /* benchTimeUITestsLaunchTests.swift in Sources */ = {isa = PBXBuildFile; fileRef = FFD1FB612BE9F29800671C1A /* benchTimeUITestsLaunchTests.swift */; };
/* End PBXBuildFile section */

/* Begin PBXContainerItemProxy section */
		FFD1FB522BE9F29800671C1A /* PBXContainerItemProxy */ = {
			isa = PBXContainerItemProxy;
			containerPortal = FFD1FB382BE9F29300671C1A /* Project object */;
			proxyType = 1;
			remoteGlobalIDString = FFD1FB3F2BE9F29300671C1A;
			remoteInfo = benchTime;
		};
		FFD1FB5C2BE9F29800671C1A /* PBXContainerItemProxy */ = {
			isa = PBXContainerItemProxy;
			containerPortal = FFD1FB382BE9F29300671C1A /* Project object */;
			proxyType = 1;
			remoteGlobalIDString = FFD1FB3F2BE9F29300671C1A;
			remoteInfo = benchTime;
		};
/* End PBXContainerItemProxy section */

/* Begin PBXFileReference section */
		FFD1FB402BE9F29300671C1A /* benchTime.app */ = {isa = PBXFileReference; explicitFileType = wrapper.application; includeInIndex = 0; path = benchTime.app; sourceTree = BUILT_PRODUCTS_DIR; };
		FFD1FB432BE9F29300671C1A /* benchTimeApp.swift */ = {isa = PBXFileReference; lastKnownFileType = sourcecode.swift; path = benchTimeApp.swift; sourceTree = "<group>"; };
		FFD1FB452BE9F29300671C1A /* ContentView.swift */ = {isa = PBXFileReference; lastKnownFileType = sourcecode.swift; path = ContentView.swift; sourceTree = "<group>"; };
		FFD1FB472BE9F29800671C1A /* Assets.xcassets */ = {isa = PBXFileReference; lastKnownFileType = folder.assetcatalog; path = Assets.xcassets; sourceTree = "<group>"; };
		FFD1FB492BE9F29800671C1A /* benchTime.entitlements */ = {isa = PBXFileReference; lastKnownFileType = text.plist.entitlements; path = benchTime.entitlements; sourceTree = "<group>"; };
		FFD1FB4B2BE9F29800671C1A /* Preview Assets.xcassets */ = {isa = PBXFileReference; lastKnownFileType = folder.assetcatalog; path = "Preview Assets.xcassets"; sourceTree = "<group>"; };
		FFD1FB512BE9F29800671C1A /* benchTimeTests.xctest */ = {isa = PBXFileReference; explicitFileType = wrapper.cfbundle; includeInIndex = 0; path = benchTimeTests.xctest; sourceTree = BUILT_PRODUCTS_DIR; };
		FFD1FB552BE9F29800671C1A /* benchTimeTests.swift */ = {isa = PBXFileReference; lastKnownFileType = sourcecode.swift; path = benchTimeTests.swift; sourceTree = "<group>"; };
		FFD1FB5B2BE9F29800671C1A /* benchTimeUITests.xctest */ = {isa = PBXFileReference; explicitFileType = wrapper.cfbundle; includeInIndex = 0; path = benchTimeUITests.xctest; sourceTree = BUILT_PRODUCTS_DIR; };
		FFD1FB5F2BE9F29800671C1A /* benchTimeUITests.swift */ = {isa = PBXFileReference; lastKnownFileType = sourcecode.swift; path = benchTimeUITests.swift; sourceTree = "<group>"; };
		FFD1FB612BE9F29800671C1A /* benchTimeUITestsLaunchTests.swift */ = {isa = PBXFileReference; lastKnownFileType = sourcecode.swift; path = benchTimeUITestsLaunchTests.swift; sourceTree = "<group>"; };
/* End PBXFileReference section */

/* Begin PBXFrameworksBuildPhase section */
		FFD1FB3D2BE9F29300671C1A /* Frameworks */ = {
			isa = PBXFrameworksBuildPhase;
			buildActionMask = 2147483647;
			files = (
			);
			runOnlyForDeploymentPostprocessing = 0;
		};
		FFD1FB4E2BE9F29800671C1A /* Frameworks */ = {
			isa = PBXFrameworksBuildPhase;
			buildActionMask = 2147483647;
			files = (
			);
			runOnlyForDeploymentPostprocessing = 0;
		};
		FFD1FB582BE9F29800671C1A /* Frameworks */ = {
			isa = PBXFrameworksBuildPhase;
			buildActionMask = 2147483647;
			files = (
			);
			runOnlyForDeploymentPostprocessing = 0;
		};
/* End PBXFrameworksBuildPhase section */

/* Begin PBXGroup section */
		FFD1FB372BE9F29300671C1A = {
			isa = PBXGroup;
			children = (
				FFD1FB422BE9F29300671C1A /* benchTime */,
				FFD1FB542BE9F29800671C1A /* benchTimeTests */,
				FFD1FB5E2BE9F29800671C1A /* benchTimeUITests */,
				FFD1FB412BE9F29300671C1A /* Products */,
			);
			sourceTree = "<group>";
		};
		FFD1FB412BE9F29300671C1A /* Products */ = {
			isa = PBXGroup;
			children = (
				FFD1FB402BE9F29300671C1A /* benchTime.app */,
				FFD1FB512BE9F29800671C1A /* benchTimeTests.xctest */,
				FFD1FB5B2BE9F29800671C1A /* benchTimeUITests.xctest */,
			);
			name = Products;
			sourceTree = "<group>";
		};
		FFD1FB422BE9F29300671C1A /* benchTime */ = {
			isa = PBXGroup;
			children = (
				FFD1FB432BE9F29300671C1A /* benchTimeApp.swift */,
				FFD1FB452BE9F29300671C1A /* ContentView.swift */,
				FFD1FB472BE9F29800671C1A /* Assets.xcassets */,
				FFD1FB492BE9F29800671C1A /* benchTime.entitlements */,
				FFD1FB4A2BE9F29800671C1A /* Preview Content */,
			);
			path = benchTime;
			sourceTree = "<group>";
		};
		FFD1FB4A2BE9F29800671C1A /* Preview Content */ = {
			isa = PBXGroup;
			children = (
				FFD1FB4B2BE9F29800671C1A /* Preview Assets.xcassets */,
			);
			path = "Preview Content";
			sourceTree = "<group>";
		};
		FFD1FB542BE9F29800671C1A /* benchTimeTests */ = {
			isa = PBXGroup;
			children = (
				FFD1FB552BE9F29800671C1A /* benchTimeTests.swift */,
			);
			path = benchTimeTests;
			sourceTree = "<group>";
		};
		FFD1FB5E2BE9F29800671C1A /* benchTimeUITests */ = {
			isa = PBXGroup;
			children = (
				FFD1FB5F2BE9F29800671C1A /* benchTimeUITests.swift */,
				FFD1FB612BE9F29800671C1A /* benchTimeUITestsLaunchTests.swift */,
			);
			path = benchTimeUITests;
			sourceTree = "<group>";
		};
/* End PBXGroup section */

/* Begin PBXNativeTarget section */
		FFD1FB3F2BE9F29300671C1A /* benchTime */ = {
			isa = PBXNativeTarget;
			buildConfigurationList = FFD1FB652BE9F29800671C1A /* Build configuration list for PBXNativeTarget "benchTime" */;
			buildPhases = (
				FFD1FB3C2BE9F29300671C1A /* Sources */,
				FFD1FB3D2BE9F29300671C1A /* Frameworks */,
				FFD1FB3E2BE9F29300671C1A /* Resources */,
			);
			buildRules = (
			);
			dependencies = (
			);
			name = benchTime;
			productName = benchTime;
			productReference = FFD1FB402BE9F29300671C1A /* benchTime.app */;
			productType = "com.apple.product-type.application";
		};
		FFD1FB502BE9F29800671C1A /* benchTimeTests */ = {
			isa = PBXNativeTarget;
			buildConfigurationList = FFD1FB682BE9F29800671C1A /* Build configuration list for PBXNativeTarget "benchTimeTests" */;
			buildPhases = (
				FFD1FB4D2BE9F29800671C1A /* Sources */,
				FFD1FB4E2BE9F29800671C1A /* Frameworks */,
				FFD1FB4F2BE9F29800671C1A /* Resources */,
			);
			buildRules = (
			);
			dependencies = (
				FFD1FB532BE9F29800671C1A /* PBXTargetDependency */,
			);
			name = benchTimeTests;
			productName = benchTimeTests;
			productReference = FFD1FB512BE9F29800671C1A /* benchTimeTests.xctest */;
			productType = "com.apple.product-type.bundle.unit-test";
		};
		FFD1FB5A2BE9F29800671C1A /* benchTimeUITests */ = {
			isa = PBXNativeTarget;
			buildConfigurationList = FFD1FB6B2BE9F29800671C1A /* Build configuration list for PBXNativeTarget "benchTimeUITests" */;
			buildPhases = (
				FFD1FB572BE9F29800671C1A /* Sources */,
				FFD1FB582BE9F29800671C1A /* Frameworks */,
				FFD1FB592BE9F29800671C1A /* Resources */,
			);
			buildRules = (
			);
			dependencies = (
				FFD1FB5D2BE9F29800671C1A /* PBXTargetDependency */,
			);
			name = benchTimeUITests;
			productName = benchTimeUITests;
			productReference = FFD1FB5B2BE9F29800671C1A /* benchTimeUITests.xctest */;
			productType = "com.apple.product-type.bundle.ui-testing";
		};
/* End PBXNativeTarget section */

/* Begin PBXProject section */
		FFD1FB382BE9F29300671C1A /* Project object */ = {
			isa = PBXProject;
			attributes = {
				BuildIndependentTargetsInParallel = 1;
				LastSwiftUpdateCheck = 1520;
				LastUpgradeCheck = 1520;
				TargetAttributes = {
					FFD1FB3F2BE9F29300671C1A = {
						CreatedOnToolsVersion = 15.2;
					};
					FFD1FB502BE9F29800671C1A = {
						CreatedOnToolsVersion = 15.2;
						TestTargetID = FFD1FB3F2BE9F29300671C1A;
					};
					FFD1FB5A2BE9F29800671C1A = {
						CreatedOnToolsVersion = 15.2;
						TestTargetID = FFD1FB3F2BE9F29300671C1A;
					};
				};
			};
			buildConfigurationList = FFD1FB3B2BE9F29300671C1A /* Build configuration list for PBXProject "benchTime" */;
			compatibilityVersion = "Xcode 14.0";
			developmentRegion = en;
			hasScannedForEncodings = 0;
			knownRegions = (
				en,
				Base,
			);
			mainGroup = FFD1FB372BE9F29300671C1A;
			productRefGroup = FFD1FB412BE9F29300671C1A /* Products */;
			projectDirPath = "";
			projectRoot = "";
			targets = (
				FFD1FB3F2BE9F29300671C1A /* benchTime */,
				FFD1FB502BE9F29800671C1A /* benchTimeTests */,
				FFD1FB5A2BE9F29800671C1A /* benchTimeUITests */,
			);
		};
/* End PBXProject section */

/* Begin PBXResourcesBuildPhase section */
		FFD1FB3E2BE9F29300671C1A /* Resources */ = {
			isa = PBXResourcesBuildPhase;
			buildActionMask = 2147483647;
			files = (
				FFD1FB4C2BE9F29800671C1A /* Preview Assets.xcassets in Resources */,
				FFD1FB482BE9F29800671C1A /* Assets.xcassets in Resources */,
			);
			runOnlyForDeploymentPostprocessing = 0;
		};
		FFD1FB4F2BE9F29800671C1A /* Resources */ = {
			isa = PBXResourcesBuildPhase;
			buildActionMask = 2147483647;
			files = (
			);
			runOnlyForDeploymentPostprocessing = 0;
		};
		FFD1FB592BE9F29800671C1A /* Resources */ = {
			isa = PBXResourcesBuildPhase;
			buildActionMask = 2147483647;
			files = (
			);
			runOnlyForDeploymentPostprocessing = 0;
		};
/* End PBXResourcesBuildPhase section */

/* Begin PBXSourcesBuildPhase section */
		FFD1FB3C2BE9F29300671C1A /* Sources */ = {
			isa = PBXSourcesBuildPhase;
			buildActionMask = 2147483647;
			files = (
				FFD1FB462BE9F29300671C1A /* ContentView.swift in Sources */,
				FFD1FB442BE9F29300671C1A /* benchTimeApp.swift in Sources */,
			);
			runOnlyForDeploymentPostprocessing = 0;
		};
		FFD1FB4D2BE9F29800671C1A /* Sources */ = {
			isa = PBXSourcesBuildPhase;
			buildActionMask = 2147483647;
			files = (
				FFD1FB562BE9F29800671C1A /* benchTimeTests.swift in Sources */,
			);
			runOnlyForDeploymentPostprocessing = 0;
		};
		FFD1FB572BE9F29800671C1A /* Sources */ = {
			isa = PBXSourcesBuildPhase;
			buildActionMask = 2147483647;
			files = (
				FFD1FB622BE9F29800671C1A /* benchTimeUITestsLaunchTests.swift in Sources */,
				FFD1FB602BE9F29800671C1A /* benchTimeUITests.swift in Sources */,
			);
			runOnlyForDeploymentPostprocessing = 0;
		};
/* End PBXSourcesBuildPhase section */

/* Begin PBXTargetDependency section */
		FFD1FB532BE9F29800671C1A /* PBXTargetDependency */ = {
			isa = PBXTargetDependency;
			target = FFD1FB3F2BE9F29300671C1A /* benchTime */;
			targetProxy = FFD1FB522BE9F29800671C1A /* PBXContainerItemProxy */;
		};
		FFD1FB5D2BE9F29800671C1A /* PBXTargetDependency */ = {
			isa = PBXTargetDependency;
			target = FFD1FB3F2BE9F29300671C1A /* benchTime */;
			targetProxy = FFD1FB5C2BE9F29800671C1A /* PBXContainerItemProxy */;
		};
/* End PBXTargetDependency section */

/* Begin XCBuildConfiguration section */
		FFD1FB632BE9F29800671C1A /* Debug */ = {
			isa = XCBuildConfiguration;
			buildSettings = {
				ALWAYS_SEARCH_USER_PATHS = NO;
				ASSETCATALOG_COMPILER_GENERATE_SWIFT_ASSET_SYMBOL_EXTENSIONS = YES;
				CLANG_ANALYZER_NONNULL = YES;
				CLANG_ANALYZER_NUMBER_OBJECT_CONVERSION = YES_AGGRESSIVE;
				CLANG_CXX_LANGUAGE_STANDARD = "gnu++20";
				CLANG_ENABLE_MODULES = YES;
				CLANG_ENABLE_OBJC_ARC = YES;
				CLANG_ENABLE_OBJC_WEAK = YES;
				CLANG_WARN_BLOCK_CAPTURE_AUTORELEASING = YES;
				CLANG_WARN_BOOL_CONVERSION = YES;
				CLANG_WARN_COMMA = YES;
				CLANG_WARN_CONSTANT_CONVERSION = YES;
				CLANG_WARN_DEPRECATED_OBJC_IMPLEMENTATIONS = YES;
				CLANG_WARN_DIRECT_OBJC_ISA_USAGE = YES_ERROR;
				CLANG_WARN_DOCUMENTATION_COMMENTS = YES;
				CLANG_WARN_EMPTY_BODY = YES;
				CLANG_WARN_ENUM_CONVERSION = YES;
				CLANG_WARN_INFINITE_RECURSION = YES;
				CLANG_WARN_INT_CONVERSION = YES;
				CLANG_WARN_NON_LITERAL_NULL_CONVERSION = YES;
				CLANG_WARN_OBJC_IMPLICIT_RETAIN_SELF = YES;
				CLANG_WARN_OBJC_LITERAL_CONVERSION = YES;
				CLANG_WARN_OBJC_ROOT_CLASS = YES_ERROR;
				CLANG_WARN_QUOTED_INCLUDE_IN_FRAMEWORK_HEADER = YES;
				CLANG_WARN_RANGE_LOOP_ANALYSIS = YES;
				CLANG_WARN_STRICT_PROTOTYPES = YES;
				CLANG_WARN_SUSPICIOUS_MOVE = YES;
				CLANG_WARN_UNGUARDED_AVAILABILITY = YES_AGGRESSIVE;
				CLANG_WARN_UNREACHABLE_CODE = YES;
				CLANG_WARN__DUPLICATE_METHOD_MATCH = YES;
				COPY_PHASE_STRIP = NO;
				DEBUG_INFORMATION_FORMAT = dwarf;
				ENABLE_STRICT_OBJC_MSGSEND = YES;
				ENABLE_TESTABILITY = YES;
				ENABLE_USER_SCRIPT_SANDBOXING = YES;
				GCC_C_LANGUAGE_STANDARD = gnu17;
				GCC_DYNAMIC_NO_PIC = NO;
				GCC_NO_COMMON_BLOCKS = YES;
				GCC_OPTIMIZATION_LEVEL = 0;
				GCC_PREPROCESSOR_DEFINITIONS = (
					"DEBUG=1",
					"$(inherited)",
				);
				GCC_WARN_64_TO_32_BIT_CONVERSION = YES;
				GCC_WARN_ABOUT_RETURN_TYPE = YES_ERROR;
				GCC_WARN_UNDECLARED_SELECTOR = YES;
				GCC_WARN_UNINITIALIZED_AUTOS = YES_AGGRESSIVE;
				GCC_WARN_UNUSED_FUNCTION = YES;
				GCC_WARN_UNUSED_VARIABLE = YES;
				LOCALIZATION_PREFERS_STRING_CATALOGS = YES;
				MTL_ENABLE_DEBUG_INFO = INCLUDE_SOURCE;
				MTL_FAST_MATH = YES;
				ONLY_ACTIVE_ARCH = YES;
				SWIFT_ACTIVE_COMPILATION_CONDITIONS = "DEBUG $(inherited)";
				SWIFT_OPTIMIZATION_LEVEL = "-Onone";
			};
			name = Debug;
		};
		FFD1FB642BE9F29800671C1A /* Release */ = {
			isa = XCBuildConfiguration;
			buildSettings = {
				ALWAYS_SEARCH_USER_PATHS = NO;
				ASSETCATALOG_COMPILER_GENERATE_SWIFT_ASSET_SYMBOL_EXTENSIONS = YES;
				CLANG_ANALYZER_NONNULL = YES;
				CLANG_ANALYZER_NUMBER_OBJECT_CONVERSION = YES_AGGRESSIVE;
				CLANG_CXX_LANGUAGE_STANDARD = "gnu++20";
				CLANG_ENABLE_MODULES = YES;
				CLANG_ENABLE_OBJC_ARC = YES;
				CLANG_ENABLE_OBJC_WEAK = YES;
				CLANG_WARN_BLOCK_CAPTURE_AUTORELEASING = YES;
				CLANG_WARN_BOOL_CONVERSION = YES;
				CLANG_WARN_COMMA = YES;
				CLANG_WARN_CONSTANT_CONVERSION = YES;
				CLANG_WARN_DEPRECATED_OBJC_IMPLEMENTATIONS = YES;
				CLANG_WARN_DIRECT_OBJC_ISA_USAGE = YES_ERROR;
				CLANG_WARN_DOCUMENTATION_COMMENTS = YES;
				CLANG_WARN_EMPTY_BODY = YES;
				CLANG_WARN_ENUM_CONVERSION = YES;
				CLANG_WARN_INFINITE_RECURSION = YES;
				CLANG_WARN_INT_CONVERSION = YES;
				CLANG_WARN_NON_LITERAL_NULL_CONVERSION = YES;
				CLANG_WARN_OBJC_IMPLICIT_RETAIN_SELF = YES;
				CLANG_WARN_OBJC_LITERAL_CONVERSION = YES;
				CLANG_WARN_OBJC_ROOT_CLASS = YES_ERROR;
				CLANG_WARN_QUOTED_INCLUDE_IN_FRAMEWORK_HEADER = YES;
				CLANG_WARN_RANGE_LOOP_ANALYSIS = YES;
				CLANG_WARN_STRICT_PROTOTYPES = YES;
				CLANG_WARN_SUSPICIOUS_MOVE = YES;
				CLANG_WARN_UNGUARDED_AVAILABILITY = YES_AGGRESSIVE;
				CLANG_WARN_UNREACHABLE_CODE = YES;
				CLANG_WARN__DUPLICATE_METHOD_MATCH = YES;
				COPY_PHASE_STRIP = NO;
				DEBUG_INFORMATION_FORMAT = "dwarf-with-dsym";
				ENABLE_NS_ASSERTIONS = NO;
				ENABLE_STRICT_OBJC_MSGSEND = YES;
				ENABLE_USER_SCRIPT_SANDBOXING = YES;
				GCC_C_LANGUAGE_STANDARD = gnu17;
				GCC_NO_COMMON_BLOCKS = YES;
				GCC_WARN_64_TO_32_BIT_CONVERSION = YES;
				GCC_WARN_ABOUT_RETURN_TYPE = YES_ERROR;
				GCC_WARN_UNDECLARED_SELECTOR = YES;
				GCC_WARN_UNINITIALIZED_AUTOS = YES_AGGRESSIVE;
				GCC_WARN_UNUSED_FUNCTION = YES;
				GCC_WARN_UNUSED_VARIABLE = YES;
				LOCALIZATION_PREFERS_STRING_CATALOGS = YES;
				MTL_ENABLE_DEBUG_INFO = NO;
				MTL_FAST_MATH = YES;
				SWIFT_COMPILATION_MODE = wholemodule;
			};
			name = Release;
		};
		FFD1FB662BE9F29800671C1A /* Debug */ = {
			isa = XCBuildConfiguration;
			buildSettings = {
				ASSETCATALOG_COMPILER_APPICON_NAME = AppIcon;
				ASSETCATALOG_COMPILER_GLOBAL_ACCENT_COLOR_NAME = AccentColor;
				CODE_SIGN_ENTITLEMENTS = benchTime/benchTime.entitlements;
				CODE_SIGN_STYLE = Automatic;
				CURRENT_PROJECT_VERSION = 1;
				DEVELOPMENT_ASSET_PATHS = "\"benchTime/Preview Content\"";
				ENABLE_PREVIEWS = YES;
				GENERATE_INFOPLIST_FILE = YES;
				"INFOPLIST_KEY_UIApplicationSceneManifest_Generation[sdk=iphoneos*]" = YES;
				"INFOPLIST_KEY_UIApplicationSceneManifest_Generation[sdk=iphonesimulator*]" = YES;
				"INFOPLIST_KEY_UIApplicationSupportsIndirectInputEvents[sdk=iphoneos*]" = YES;
				"INFOPLIST_KEY_UIApplicationSupportsIndirectInputEvents[sdk=iphonesimulator*]" = YES;
				"INFOPLIST_KEY_UILaunchScreen_Generation[sdk=iphoneos*]" = YES;
				"INFOPLIST_KEY_UILaunchScreen_Generation[sdk=iphonesimulator*]" = YES;
				"INFOPLIST_KEY_UIStatusBarStyle[sdk=iphoneos*]" = UIStatusBarStyleDefault;
				"INFOPLIST_KEY_UIStatusBarStyle[sdk=iphonesimulator*]" = UIStatusBarStyleDefault;
				INFOPLIST_KEY_UISupportedInterfaceOrientations_iPad = "UIInterfaceOrientationPortrait UIInterfaceOrientationPortraitUpsideDown UIInterfaceOrientationLandscapeLeft UIInterfaceOrientationLandscapeRight";
				INFOPLIST_KEY_UISupportedInterfaceOrientations_iPhone = "UIInterfaceOrientationPortrait UIInterfaceOrientationLandscapeLeft UIInterfaceOrientationLandscapeRight";
				IPHONEOS_DEPLOYMENT_TARGET = 17.2;
				LD_RUNPATH_SEARCH_PATHS = "@executable_path/Frameworks";
				"LD_RUNPATH_SEARCH_PATHS[sdk=macosx*]" = "@executable_path/../Frameworks";
				MACOSX_DEPLOYMENT_TARGET = 13.6;
				MARKETING_VERSION = 1.0;
				PRODUCT_BUNDLE_IDENTIFIER = com.fillet.benchTime;
				PRODUCT_NAME = "$(TARGET_NAME)";
				SDKROOT = auto;
				SUPPORTED_PLATFORMS = "iphoneos iphonesimulator macosx";
				SWIFT_EMIT_LOC_STRINGS = YES;
				SWIFT_VERSION = 5.0;
				TARGETED_DEVICE_FAMILY = "1,2";
			};
			name = Debug;
		};
		FFD1FB672BE9F29800671C1A /* Release */ = {
			isa = XCBuildConfiguration;
			buildSettings = {
				ASSETCATALOG_COMPILER_APPICON_NAME = AppIcon;
				ASSETCATALOG_COMPILER_GLOBAL_ACCENT_COLOR_NAME = AccentColor;
				CODE_SIGN_ENTITLEMENTS = benchTime/benchTime.entitlements;
				CODE_SIGN_STYLE = Automatic;
				CURRENT_PROJECT_VERSION = 1;
				DEVELOPMENT_ASSET_PATHS = "\"benchTime/Preview Content\"";
				ENABLE_PREVIEWS = YES;
				GENERATE_INFOPLIST_FILE = YES;
				"INFOPLIST_KEY_UIApplicationSceneManifest_Generation[sdk=iphoneos*]" = YES;
				"INFOPLIST_KEY_UIApplicationSceneManifest_Generation[sdk=iphonesimulator*]" = YES;
				"INFOPLIST_KEY_UIApplicationSupportsIndirectInputEvents[sdk=iphoneos*]" = YES;
				"INFOPLIST_KEY_UIApplicationSupportsIndirectInputEvents[sdk=iphonesimulator*]" = YES;
				"INFOPLIST_KEY_UILaunchScreen_Generation[sdk=iphoneos*]" = YES;
				"INFOPLIST_KEY_UILaunchScreen_Generation[sdk=iphonesimulator*]" = YES;
				"INFOPLIST_KEY_UIStatusBarStyle[sdk=iphoneos*]" = UIStatusBarStyleDefault;
				"INFOPLIST_KEY_UIStatusBarStyle[sdk=iphonesimulator*]" = UIStatusBarStyleDefault;
				INFOPLIST_KEY_UISupportedInterfaceOrientations_iPad = "UIInterfaceOrientationPortrait UIInterfaceOrientationPortraitUpsideDown UIInterfaceOrientationLandscapeLeft UIInterfaceOrientationLandscapeRight";
				INFOPLIST_KEY_UISupportedInterfaceOrientations_iPhone = "UIInterfaceOrientationPortrait UIInterfaceOrientationLandscapeLeft UIInterfaceOrientationLandscapeRight";
				IPHONEOS_DEPLOYMENT_TARGET = 17.2;
				LD_RUNPATH_SEARCH_PATHS = "@executable_path/Frameworks";
				"LD_RUNPATH_SEARCH_PATHS[sdk=macosx*]" = "@executable_path/../Frameworks";
				MACOSX_DEPLOYMENT_TARGET = 13.6;
				MARKETING_VERSION = 1.0;
				PRODUCT_BUNDLE_IDENTIFIER = com.fillet.benchTime;
				PRODUCT_NAME = "$(TARGET_NAME)";
				SDKROOT = auto;
				SUPPORTED_PLATFORMS = "iphoneos iphonesimulator macosx";
				SWIFT_EMIT_LOC_STRINGS = YES;
				SWIFT_VERSION = 5.0;
				TARGETED_DEVICE_FAMILY = "1,2";
			};
			name = Release;
		};
		FFD1FB692BE9F29800671C1A /* Debug */ = {
			isa = XCBuildConfiguration;
			buildSettings = {
				ALWAYS_EMBED_SWIFT_STANDARD_LIBRARIES = YES;
				BUNDLE_LOADER = "$(TEST_HOST)";
				CODE_SIGN_STYLE = Automatic;
				CURRENT_PROJECT_VERSION = 1;
				GENERATE_INFOPLIST_FILE = YES;
				IPHONEOS_DEPLOYMENT_TARGET = 17.2;
				MACOSX_DEPLOYMENT_TARGET = 13.6;
				MARKETING_VERSION = 1.0;
				PRODUCT_BUNDLE_IDENTIFIER = com.fillet.benchTimeTests;
				PRODUCT_NAME = "$(TARGET_NAME)";
				SDKROOT = auto;
				SUPPORTED_PLATFORMS = "iphoneos iphonesimulator macosx";
				SWIFT_EMIT_LOC_STRINGS = NO;
				SWIFT_VERSION = 5.0;
				TARGETED_DEVICE_FAMILY = "1,2";
				TEST_HOST = "$(BUILT_PRODUCTS_DIR)/benchTime.app/$(BUNDLE_EXECUTABLE_FOLDER_PATH)/benchTime";
			};
			name = Debug;
		};
		FFD1FB6A2BE9F29800671C1A /* Release */ = {
			isa = XCBuildConfiguration;
			buildSettings = {
				ALWAYS_EMBED_SWIFT_STANDARD_LIBRARIES = YES;
				BUNDLE_LOADER = "$(TEST_HOST)";
				CODE_SIGN_STYLE = Automatic;
				CURRENT_PROJECT_VERSION = 1;
				GENERATE_INFOPLIST_FILE = YES;
				IPHONEOS_DEPLOYMENT_TARGET = 17.2;
				MACOSX_DEPLOYMENT_TARGET = 13.6;
				MARKETING_VERSION = 1.0;
				PRODUCT_BUNDLE_IDENTIFIER = com.fillet.benchTimeTests;
				PRODUCT_NAME = "$(TARGET_NAME)";
				SDKROOT = auto;
				SUPPORTED_PLATFORMS = "iphoneos iphonesimulator macosx";
				SWIFT_EMIT_LOC_STRINGS = NO;
				SWIFT_VERSION = 5.0;
				TARGETED_DEVICE_FAMILY = "1,2";
				TEST_HOST = "$(BUILT_PRODUCTS_DIR)/benchTime.app/$(BUNDLE_EXECUTABLE_FOLDER_PATH)/benchTime";
			};
			name = Release;
		};
		FFD1FB6C2BE9F29800671C1A /* Debug */ = {
			isa = XCBuildConfiguration;
			buildSettings = {
				ALWAYS_EMBED_SWIFT_STANDARD_LIBRARIES = YES;
				CODE_SIGN_STYLE = Automatic;
				CURRENT_PROJECT_VERSION = 1;
				GENERATE_INFOPLIST_FILE = YES;
				IPHONEOS_DEPLOYMENT_TARGET = 17.2;
				MACOSX_DEPLOYMENT_TARGET = 13.6;
				MARKETING_VERSION = 1.0;
				PRODUCT_BUNDLE_IDENTIFIER = com.fillet.benchTimeUITests;
				PRODUCT_NAME = "$(TARGET_NAME)";
				SDKROOT = auto;
				SUPPORTED_PLATFORMS = "iphoneos iphonesimulator macosx";
				SWIFT_EMIT_LOC_STRINGS = NO;
				SWIFT_VERSION = 5.0;
				TARGETED_DEVICE_FAMILY = "1,2";
				TEST_TARGET_NAME = benchTime;
			};
			name = Debug;
		};
		FFD1FB6D2BE9F29800671C1A /* Release */ = {
			isa = XCBuildConfiguration;
			buildSettings = {
				ALWAYS_EMBED_SWIFT_STANDARD_LIBRARIES = YES;
				CODE_SIGN_STYLE = Automatic;
				CURRENT_PROJECT_VERSION = 1;
				GENERATE_INFOPLIST_FILE = YES;
				IPHONEOS_DEPLOYMENT_TARGET = 17.2;
				MACOSX_DEPLOYMENT_TARGET = 13.6;
				MARKETING_VERSION = 1.0;
				PRODUCT_BUNDLE_IDENTIFIER = com.fillet.benchTimeUITests;
				PRODUCT_NAME = "$(TARGET_NAME)";
				SDKROOT = auto;
				SUPPORTED_PLATFORMS = "iphoneos iphonesimulator macosx";
				SWIFT_EMIT_LOC_STRINGS = NO;
				SWIFT_VERSION = 5.0;
				TARGETED_DEVICE_FAMILY = "1,2";
				TEST_TARGET_NAME = benchTime;
			};
			name = Release;
		};
/* End XCBuildConfiguration section */

/* Begin XCConfigurationList section */
		FFD1FB3B2BE9F29300671C1A /* Build configuration list for PBXProject "benchTime" */ = {
			isa = XCConfigurationList;
			buildConfigurations = (
				FFD1FB632BE9F29800671C1A /* Debug */,
				FFD1FB642BE9F29800671C1A /* Release */,
			);
			defaultConfigurationIsVisible = 0;
			defaultConfigurationName = Release;
		};
		FFD1FB652BE9F29800671C1A /* Build configuration list for PBXNativeTarget "benchTime" */ = {
			isa = XCConfigurationList;
			buildConfigurations = (
				FFD1FB662BE9F29800671C1A /* Debug */,
				FFD1FB672BE9F29800671C1A /* Release */,
			);
			defaultConfigurationIsVisible = 0;
			defaultConfigurationName = Release;
		};
		FFD1FB682BE9F29800671C1A /* Build configuration list for PBXNativeTarget "benchTimeTests" */ = {
			isa = XCConfigurationList;
			buildConfigurations = (
				FFD1FB692BE9F29800671C1A /* Debug */,
				FFD1FB6A2BE9F29800671C1A /* Release */,
			);
			defaultConfigurationIsVisible = 0;
			defaultConfigurationName = Release;
		};
		FFD1FB6B2BE9F29800671C1A /* Build configuration list for PBXNativeTarget "benchTimeUITests" */ = {
			isa = XCConfigurationList;
			buildConfigurations = (
				FFD1FB6C2BE9F29800671C1A /* Debug */,
				FFD1FB6D2BE9F29800671C1A /* Release */,
			);
			defaultConfigurationIsVisible = 0;
			defaultConfigurationName = Release;
		};
/* End XCConfigurationList section */
	};
	rootObject = FFD1FB382BE9F29300671C1A /* Project object */;
}
